
Microsoft Visual Studio Solution File, Format Version 12.00
# Visual Studio Version 17
VisualStudioVersion = 17.5.33516.290
MinimumVisualStudioVersion = 10.0.40219.1
Project("{FAE04EC0-301F-11D3-BF4B-00C04F79EFBC}") = "Biblioteca2", "Biblioteca2\Biblioteca2.csproj", "{1EF9D645-4536-45E4-BAFE-3982E88F279A}"
EndProject
Global
	GlobalSection(SolutionConfigurationPlatforms) = preSolution
		Debug|Any CPU = Debug|Any CPU
		Release|Any CPU = Release|Any CPU
	EndGlobalSection
	GlobalSection(ProjectConfigurationPlatforms) = postSolution
		{1EF9D645-4536-45E4-BAFE-3982E88F279A}.Debug|Any CPU.ActiveCfg = Debug|Any CPU
		{1EF9D645-4536-45E4-BAFE-3982E88F279A}.Debug|Any CPU.Build.0 = Debug|Any CPU
		{1EF9D645-4536-45E4-BAFE-3982E88F279A}.Release|Any CPU.ActiveCfg = Release|Any CPU
		{1EF9D645-4536-45E4-BAFE-3982E88F279A}.Release|Any CPU.Build.0 = Release|Any CPU
	EndGlobalSection
	GlobalSection(SolutionProperties) = preSolution
		HideSolutionNode = FALSE
	EndGlobalSection
	GlobalSection(ExtensibilityGlobals) = postSolution
		SolutionGuid = {278335EB-2834-443C-96BE-6AD8D5EF2CCF}
	EndGlobalSection
EndGlobal
